
Microsoft Visual Studio Solution File, Format Version 12.00
# Visual Studio Version 17
VisualStudioVersion = 17.0.32112.339
MinimumVisualStudioVersion = 10.0.40219.1
Project("{FAE04EC0-301F-11D3-BF4B-00C04F79EFBC}") = "poleUkol1", "poleUkol1\poleUkol1.csproj", "{B18B8428-77B1-4352-844A-CE3498A366F6}"
EndProject
Global
	GlobalSection(SolutionConfigurationPlatforms) = preSolution
		Debug|Any CPU = Debug|Any CPU
		Release|Any CPU = Release|Any CPU
	EndGlobalSection
	GlobalSection(ProjectConfigurationPlatforms) = postSolution
		{B18B8428-77B1-4352-844A-CE3498A366F6}.Debug|Any CPU.ActiveCfg = Debug|Any CPU
		{B18B8428-77B1-4352-844A-CE3498A366F6}.Debug|Any CPU.Build.0 = Debug|Any CPU
		{B18B8428-77B1-4352-844A-CE3498A366F6}.Release|Any CPU.ActiveCfg = Release|Any CPU
		{B18B8428-77B1-4352-844A-CE3498A366F6}.Release|Any CPU.Build.0 = Release|Any CPU
	EndGlobalSection
	GlobalSection(SolutionProperties) = preSolution
		HideSolutionNode = FALSE
	EndGlobalSection
	GlobalSection(ExtensibilityGlobals) = postSolution
		SolutionGuid = {7453C9C4-B208-462C-8C34-1E4035765A40}
	EndGlobalSection
EndGlobal
